
Microsoft Visual Studio Solution File, Format Version 12.00
# Visual Studio 15
VisualStudioVersion = 15.0.28307.1401
MinimumVisualStudioVersion = 10.0.40219.1
Project("{FAE04EC0-301F-11D3-BF4B-00C04F79EFBC}") = "DriverReport", "DriverReport\DriverReport.csproj", "{50ABD166-4179-43EC-B97E-59CF01F18594}"
EndProject
Global
	GlobalSection(SolutionConfigurationPlatforms) = preSolution
		Debug|Any CPU = Debug|Any CPU
		Release|Any CPU = Release|Any CPU
	EndGlobalSection
	GlobalSection(ProjectConfigurationPlatforms) = postSolution
		{50ABD166-4179-43EC-B97E-59CF01F18594}.Debug|Any CPU.ActiveCfg = Debug|Any CPU
		{50ABD166-4179-43EC-B97E-59CF01F18594}.Debug|Any CPU.Build.0 = Debug|Any CPU
		{50ABD166-4179-43EC-B97E-59CF01F18594}.Release|Any CPU.ActiveCfg = Release|Any CPU
		{50ABD166-4179-43EC-B97E-59CF01F18594}.Release|Any CPU.Build.0 = Release|Any CPU
	EndGlobalSection
	GlobalSection(SolutionProperties) = preSolution
		HideSolutionNode = FALSE
	EndGlobalSection
	GlobalSection(ExtensibilityGlobals) = postSolution
		SolutionGuid = {67BCEC4A-C417-4DE7-AA83-CA46A3769B93}
	EndGlobalSection
EndGlobal
